
Microsoft Visual Studio Solution File, Format Version 12.00
# Visual Studio Version 17
VisualStudioVersion = 17.14.36616.10 d17.14
MinimumVisualStudioVersion = 10.0.40219.1
Project("{888888A0-9F3D-457C-B088-3A5042F75D52}") = "Delisted Stock Scraper", "Delisted Stock Scraper.pyproj", "{019145AE-2A28-411B-BCFB-ABBA889C8C1A}"
EndProject
Global
	GlobalSection(SolutionConfigurationPlatforms) = preSolution
		Debug|Any CPU = Debug|Any CPU
		Release|Any CPU = Release|Any CPU
	EndGlobalSection
	GlobalSection(ProjectConfigurationPlatforms) = postSolution
		{019145AE-2A28-411B-BCFB-ABBA889C8C1A}.Debug|Any CPU.ActiveCfg = Debug|Any CPU
		{019145AE-2A28-411B-BCFB-ABBA889C8C1A}.Release|Any CPU.ActiveCfg = Release|Any CPU
	EndGlobalSection
	GlobalSection(SolutionProperties) = preSolution
		HideSolutionNode = FALSE
	EndGlobalSection
	GlobalSection(ExtensibilityGlobals) = postSolution
		SolutionGuid = {2910C72F-F284-4923-B0D2-48B148B638F1}
	EndGlobalSection
EndGlobal
